
Microsoft Visual Studio Solution File, Format Version 12.00
# Visual Studio 2015
Project("{FAE04EC0-301F-11D3-BF4B-00C04F79EFBC}") = "geometric world.CSharp.Plugins", "geometric world.CSharp.Plugins.csproj", "{84768685-AA8F-2155-7BCB-C6CB7C53713A}"
EndProject
Project("{FAE04EC0-301F-11D3-BF4B-00C04F79EFBC}") = "geometric world.CSharp", "geometric world.CSharp.csproj", "{10B6F079-AA52-9DA2-F0A9-62B61F256303}"
EndProject
Project("{FAE04EC0-301F-11D3-BF4B-00C04F79EFBC}") = "geometric world.CSharp.Editor", "geometric world.CSharp.Editor.csproj", "{91D7B593-75D8-618C-D310-C7A26BAB7E87}"
EndProject
Global
	GlobalSection(SolutionConfigurationPlatforms) = preSolution
		Debug|Any CPU = Debug|Any CPU
		Release|Any CPU = Release|Any CPU
	EndGlobalSection
	GlobalSection(ProjectConfigurationPlatforms) = postSolution
		{84768685-AA8F-2155-7BCB-C6CB7C53713A}.Debug|Any CPU.ActiveCfg = Debug|Any CPU
		{84768685-AA8F-2155-7BCB-C6CB7C53713A}.Debug|Any CPU.Build.0 = Debug|Any CPU
		{84768685-AA8F-2155-7BCB-C6CB7C53713A}.Release|Any CPU.ActiveCfg = Release|Any CPU
		{84768685-AA8F-2155-7BCB-C6CB7C53713A}.Release|Any CPU.Build.0 = Release|Any CPU
		{10B6F079-AA52-9DA2-F0A9-62B61F256303}.Debug|Any CPU.ActiveCfg = Debug|Any CPU
		{10B6F079-AA52-9DA2-F0A9-62B61F256303}.Debug|Any CPU.Build.0 = Debug|Any CPU
		{10B6F079-AA52-9DA2-F0A9-62B61F256303}.Release|Any CPU.ActiveCfg = Release|Any CPU
		{10B6F079-AA52-9DA2-F0A9-62B61F256303}.Release|Any CPU.Build.0 = Release|Any CPU
		{91D7B593-75D8-618C-D310-C7A26BAB7E87}.Debug|Any CPU.ActiveCfg = Debug|Any CPU
		{91D7B593-75D8-618C-D310-C7A26BAB7E87}.Debug|Any CPU.Build.0 = Debug|Any CPU
		{91D7B593-75D8-618C-D310-C7A26BAB7E87}.Release|Any CPU.ActiveCfg = Release|Any CPU
		{91D7B593-75D8-618C-D310-C7A26BAB7E87}.Release|Any CPU.Build.0 = Release|Any CPU
	EndGlobalSection
	GlobalSection(SolutionProperties) = preSolution
		HideSolutionNode = FALSE
	EndGlobalSection
EndGlobal
